// !$*UTF8*$!
{
	archiveVersion = 1;
	classes = {
	};
	objectVersion = 50;
	objects = {

/* Begin PBXBuildFile section */
		666D0C7C269243650012DD09 /* AppDelegate.m in Sources */ = {isa = PBXBuildFile; fileRef = 666D0C7B269243650012DD09 /* AppDelegate.m */; };
		666D0C8A269243660012DD09 /* LaunchScreen.storyboard in Resources */ = {isa = PBXBuildFile; fileRef = 666D0C88269243660012DD09 /* LaunchScreen.storyboard */; };
		666D0C8D269243660012DD09 /* main.m in Sources */ = {isa = PBXBuildFile; fileRef = 666D0C8C269243660012DD09 /* main.m */; };
		666D0C98269243E20012DD09 /* RSViewController.m in Sources */ = {isa = PBXBuildFile; fileRef = 666D0C96269243E20012DD09 /* RSViewController.m */; };
		666D0C99269243E20012DD09 /* RSViewController.xib in Resources */ = {isa = PBXBuildFile; fileRef = 666D0C97269243E20012DD09 /* RSViewController.xib */; };
		66D7BF8226937A69004AF0CB /* Assets.xcassets in Resources */ = {isa = PBXBuildFile; fileRef = 666D0C86269243660012DD09 /* Assets.xcassets */; };
/* End PBXBuildFile section */

/* Begin PBXFileReference section */
		666D0C77269243650012DD09 /* rs.ios.stage-task7.app */ = {isa = PBXFileReference; explicitFileType = wrapper.application; includeInIndex = 0; path = "rs.ios.stage-task7.app"; sourceTree = BUILT_PRODUCTS_DIR; };
		666D0C7A269243650012DD09 /* AppDelegate.h */ = {isa = PBXFileReference; lastKnownFileType = sourcecode.c.h; path = AppDelegate.h; sourceTree = "<group>"; };
		666D0C7B269243650012DD09 /* AppDelegate.m */ = {isa = PBXFileReference; lastKnownFileType = sourcecode.c.objc; path = AppDelegate.m; sourceTree = "<group>"; };
		666D0C86269243660012DD09 /* Assets.xcassets */ = {isa = PBXFileReference; lastKnownFileType = folder.assetcatalog; path = Assets.xcassets; sourceTree = "<group>"; };
		666D0C89269243660012DD09 /* Base */ = {isa = PBXFileReference; lastKnownFileType = file.storyboard; name = Base; path = Base.lproj/LaunchScreen.storyboard; sourceTree = "<group>"; };
		666D0C8B269243660012DD09 /* Info.plist */ = {isa = PBXFileReference; lastKnownFileType = text.plist.xml; path = Info.plist; sourceTree = "<group>"; };
		666D0C8C269243660012DD09 /* main.m */ = {isa = PBXFileReference; lastKnownFileType = sourcecode.c.objc; path = main.m; sourceTree = "<group>"; };
		666D0C95269243E20012DD09 /* RSViewController.h */ = {isa = PBXFileReference; lastKnownFileType = sourcecode.c.h; path = RSViewController.h; sourceTree = "<group>"; };
		666D0C96269243E20012DD09 /* RSViewController.m */ = {isa = PBXFileReference; lastKnownFileType = sourcecode.c.objc; path = RSViewController.m; sourceTree = "<group>"; };
		666D0C97269243E20012DD09 /* RSViewController.xib */ = {isa = PBXFileReference; lastKnownFileType = file.xib; name = RSViewController.xib; path = "rs.ios.stage-task7/RSViewController.xib"; sourceTree = SOURCE_ROOT; };
/* End PBXFileReference section */

/* Begin PBXFrameworksBuildPhase section */
		666D0C74269243650012DD09 /* Frameworks */ = {
			isa = PBXFrameworksBuildPhase;
			buildActionMask = 2147483647;
			files = (
			);
			runOnlyForDeploymentPostprocessing = 0;
		};
/* End PBXFrameworksBuildPhase section */

/* Begin PBXGroup section */
		666D0C6E269243650012DD09 = {
			isa = PBXGroup;
			children = (
				666D0C79269243650012DD09 /* rs.ios.stage-task7 */,
				666D0C78269243650012DD09 /* Products */,
			);
			sourceTree = "<group>";
		};
		666D0C78269243650012DD09 /* Products */ = {
			isa = PBXGroup;
			children = (
				666D0C77269243650012DD09 /* rs.ios.stage-task7.app */,
			);
			name = Products;
			sourceTree = "<group>";
		};
		666D0C79269243650012DD09 /* rs.ios.stage-task7 */ = {
			isa = PBXGroup;
			children = (
				6676B3D6269250DF00B2F2A6 /* Resources */,
				666D0C7A269243650012DD09 /* AppDelegate.h */,
				666D0C7B269243650012DD09 /* AppDelegate.m */,
				666D0C86269243660012DD09 /* Assets.xcassets */,
				666D0C95269243E20012DD09 /* RSViewController.h */,
				666D0C96269243E20012DD09 /* RSViewController.m */,
				666D0C97269243E20012DD09 /* RSViewController.xib */,
				666D0C88269243660012DD09 /* LaunchScreen.storyboard */,
				666D0C8B269243660012DD09 /* Info.plist */,
				666D0C8C269243660012DD09 /* main.m */,
			);
			path = "rs.ios.stage-task7";
			sourceTree = "<group>";
		};
		6676B3D6269250DF00B2F2A6 /* Resources */ = {
			isa = PBXGroup;
			children = (
				6676B3D72692510100B2F2A6 /* Fonts */,
			);
			path = Resources;
			sourceTree = "<group>";
		};
		6676B3D72692510100B2F2A6 /* Fonts */ = {
			isa = PBXGroup;
			children = (
			);
			path = Fonts;
			sourceTree = "<group>";
		};
/* End PBXGroup section */

/* Begin PBXNativeTarget section */
		666D0C76269243650012DD09 /* rs.ios.stage-task7 */ = {
			isa = PBXNativeTarget;
			buildConfigurationList = 666D0C90269243660012DD09 /* Build configuration list for PBXNativeTarget "rs.ios.stage-task7" */;
			buildPhases = (
				666D0C73269243650012DD09 /* Sources */,
				666D0C74269243650012DD09 /* Frameworks */,
				666D0C75269243650012DD09 /* Resources */,
			);
			buildRules = (
			);
			dependencies = (
			);
			name = "rs.ios.stage-task7";
			productName = "rs.ios.stage-task7";
			productReference = 666D0C77269243650012DD09 /* rs.ios.stage-task7.app */;
			productType = "com.apple.product-type.application";
		};
/* End PBXNativeTarget section */

/* Begin PBXProject section */
		666D0C6F269243650012DD09 /* Project object */ = {
			isa = PBXProject;
			attributes = {
				LastUpgradeCheck = 1230;
				TargetAttributes = {
					666D0C76269243650012DD09 = {
						CreatedOnToolsVersion = 12.3;
					};
				};
			};
			buildConfigurationList = 666D0C72269243650012DD09 /* Build configuration list for PBXProject "rs.ios.stage-task7" */;
			compatibilityVersion = "Xcode 9.3";
			developmentRegion = en;
			hasScannedForEncodings = 0;
			knownRegions = (
				en,
				Base,
			);
			mainGroup = 666D0C6E269243650012DD09;
			productRefGroup = 666D0C78269243650012DD09 /* Products */;
			projectDirPath = "";
			projectRoot = "";
			targets = (
				666D0C76269243650012DD09 /* rs.ios.stage-task7 */,
			);
		};
/* End PBXProject section */

/* Begin PBXResourcesBuildPhase section */
		666D0C75269243650012DD09 /* Resources */ = {
			isa = PBXResourcesBuildPhase;
			buildActionMask = 2147483647;
			files = (
				666D0C8A269243660012DD09 /* LaunchScreen.storyboard in Resources */,
				66D7BF8226937A69004AF0CB /* Assets.xcassets in Resources */,
				666D0C99269243E20012DD09 /* RSViewController.xib in Resources */,
			);
			runOnlyForDeploymentPostprocessing = 0;
		};
/* End PBXResourcesBuildPhase section */

/* Begin PBXSourcesBuildPhase section */
		666D0C73269243650012DD09 /* Sources */ = {
			isa = PBXSourcesBuildPhase;
			buildActionMask = 2147483647;
			files = (
				666D0C7C269243650012DD09 /* AppDelegate.m in Sources */,
				666D0C8D269243660012DD09 /* main.m in Sources */,
				666D0C98269243E20012DD09 /* RSViewController.m in Sources */,
			);
			runOnlyForDeploymentPostprocessing = 0;
		};
/* End PBXSourcesBuildPhase section */

/* Begin PBXVariantGroup section */
		666D0C88269243660012DD09 /* LaunchScreen.storyboard */ = {
			isa = PBXVariantGroup;
			children = (
				666D0C89269243660012DD09 /* Base */,
			);
			name = LaunchScreen.storyboard;
			sourceTree = "<group>";
		};
/* End PBXVariantGroup section */

/* Begin XCBuildConfiguration section */
		666D0C8E269243660012DD09 /* Debug */ = {
			isa = XCBuildConfiguration;
			buildSettings = {
				ALWAYS_SEARCH_USER_PATHS = NO;
				CLANG_ANALYZER_NONNULL = YES;
				CLANG_ANALYZER_NUMBER_OBJECT_CONVERSION = YES_AGGRESSIVE;
				CLANG_CXX_LANGUAGE_STANDARD = "gnu++14";
				CLANG_CXX_LIBRARY = "libc++";
				CLANG_ENABLE_MODULES = YES;
				CLANG_ENABLE_OBJC_ARC = YES;
				CLANG_ENABLE_OBJC_WEAK = YES;
				CLANG_WARN_BLOCK_CAPTURE_AUTORELEASING = YES;
				CLANG_WARN_BOOL_CONVERSION = YES;
				CLANG_WARN_COMMA = YES;
				CLANG_WARN_CONSTANT_CONVERSION = YES;
				CLANG_WARN_DEPRECATED_OBJC_IMPLEMENTATIONS = YES;
				CLANG_WARN_DIRECT_OBJC_ISA_USAGE = YES_ERROR;
				CLANG_WARN_DOCUMENTATION_COMMENTS = YES;
				CLANG_WARN_EMPTY_BODY = YES;
				CLANG_WARN_ENUM_CONVERSION = YES;
				CLANG_WARN_INFINITE_RECURSION = YES;
				CLANG_WARN_INT_CONVERSION = YES;
				CLANG_WARN_NON_LITERAL_NULL_CONVERSION = YES;
				CLANG_WARN_OBJC_IMPLICIT_RETAIN_SELF = YES;
				CLANG_WARN_OBJC_LITERAL_CONVERSION = YES;
				CLANG_WARN_OBJC_ROOT_CLASS = YES_ERROR;
				CLANG_WARN_QUOTED_INCLUDE_IN_FRAMEWORK_HEADER = YES;
				CLANG_WARN_RANGE_LOOP_ANALYSIS = YES;
				CLANG_WARN_STRICT_PROTOTYPES = YES;
				CLANG_WARN_SUSPICIOUS_MOVE = YES;
				CLANG_WARN_UNGUARDED_AVAILABILITY = YES_AGGRESSIVE;
				CLANG_WARN_UNREACHABLE_CODE = YES;
				CLANG_WARN__DUPLICATE_METHOD_MATCH = YES;
				COPY_PHASE_STRIP = NO;
				DEBUG_INFORMATION_FORMAT = dwarf;
				ENABLE_STRICT_OBJC_MSGSEND = YES;
				ENABLE_TESTABILITY = YES;
				GCC_C_LANGUAGE_STANDARD = gnu11;
				GCC_DYNAMIC_NO_PIC = NO;
				GCC_NO_COMMON_BLOCKS = YES;
				GCC_OPTIMIZATION_LEVEL = 0;
				GCC_PREPROCESSOR_DEFINITIONS = (
					"DEBUG=1",
					"$(inherited)",
				);
				GCC_WARN_64_TO_32_BIT_CONVERSION = YES;
				GCC_WARN_ABOUT_RETURN_TYPE = YES_ERROR;
				GCC_WARN_UNDECLARED_SELECTOR = YES;
				GCC_WARN_UNINITIALIZED_AUTOS = YES_AGGRESSIVE;
				GCC_WARN_UNUSED_FUNCTION = YES;
				GCC_WARN_UNUSED_VARIABLE = YES;
				IPHONEOS_DEPLOYMENT_TARGET = 14.3;
				MTL_ENABLE_DEBUG_INFO = INCLUDE_SOURCE;
				MTL_FAST_MATH = YES;
				ONLY_ACTIVE_ARCH = YES;
				SDKROOT = iphoneos;
			};
			name = Debug;
		};
		666D0C8F269243660012DD09 /* Release */ = {
			isa = XCBuildConfiguration;
			buildSettings = {
				ALWAYS_SEARCH_USER_PATHS = NO;
				CLANG_ANALYZER_NONNULL = YES;
				CLANG_ANALYZER_NUMBER_OBJECT_CONVERSION = YES_AGGRESSIVE;
				CLANG_CXX_LANGUAGE_STANDARD = "gnu++14";
				CLANG_CXX_LIBRARY = "libc++";
				CLANG_ENABLE_MODULES = YES;
				CLANG_ENABLE_OBJC_ARC = YES;
				CLANG_ENABLE_OBJC_WEAK = YES;
				CLANG_WARN_BLOCK_CAPTURE_AUTORELEASING = YES;
				CLANG_WARN_BOOL_CONVERSION = YES;
				CLANG_WARN_COMMA = YES;
				CLANG_WARN_CONSTANT_CONVERSION = YES;
				CLANG_WARN_DEPRECATED_OBJC_IMPLEMENTATIONS = YES;
				CLANG_WARN_DIRECT_OBJC_ISA_USAGE = YES_ERROR;
				CLANG_WARN_DOCUMENTATION_COMMENTS = YES;
				CLANG_WARN_EMPTY_BODY = YES;
				CLANG_WARN_ENUM_CONVERSION = YES;
				CLANG_WARN_INFINITE_RECURSION = YES;
				CLANG_WARN_INT_CONVERSION = YES;
				CLANG_WARN_NON_LITERAL_NULL_CONVERSION = YES;
				CLANG_WARN_OBJC_IMPLICIT_RETAIN_SELF = YES;
				CLANG_WARN_OBJC_LITERAL_CONVERSION = YES;
				CLANG_WARN_OBJC_ROOT_CLASS = YES_ERROR;
				CLANG_WARN_QUOTED_INCLUDE_IN_FRAMEWORK_HEADER = YES;
				CLANG_WARN_RANGE_LOOP_ANALYSIS = YES;
				CLANG_WARN_STRICT_PROTOTYPES = YES;
				CLANG_WARN_SUSPICIOUS_MOVE = YES;
				CLANG_WARN_UNGUARDED_AVAILABILITY = YES_AGGRESSIVE;
				CLANG_WARN_UNREACHABLE_CODE = YES;
				CLANG_WARN__DUPLICATE_METHOD_MATCH = YES;
				COPY_PHASE_STRIP = NO;
				DEBUG_INFORMATION_FORMAT = "dwarf-with-dsym";
				ENABLE_NS_ASSERTIONS = NO;
				ENABLE_STRICT_OBJC_MSGSEND = YES;
				GCC_C_LANGUAGE_STANDARD = gnu11;
				GCC_NO_COMMON_BLOCKS = YES;
				GCC_WARN_64_TO_32_BIT_CONVERSION = YES;
				GCC_WARN_ABOUT_RETURN_TYPE = YES_ERROR;
				GCC_WARN_UNDECLARED_SELECTOR = YES;
				GCC_WARN_UNINITIALIZED_AUTOS = YES_AGGRESSIVE;
				GCC_WARN_UNUSED_FUNCTION = YES;
				GCC_WARN_UNUSED_VARIABLE = YES;
				IPHONEOS_DEPLOYMENT_TARGET = 14.3;
				MTL_ENABLE_DEBUG_INFO = NO;
				MTL_FAST_MATH = YES;
				SDKROOT = iphoneos;
				VALIDATE_PRODUCT = YES;
			};
			name = Release;
		};
		666D0C91269243660012DD09 /* Debug */ = {
			isa = XCBuildConfiguration;
			buildSettings = {
				ASSETCATALOG_COMPILER_APPICON_NAME = AppIcon;
				ASSETCATALOG_COMPILER_GLOBAL_ACCENT_COLOR_NAME = AccentColor;
				CODE_SIGN_STYLE = Automatic;
				DEVELOPMENT_TEAM = 5A66N432X8;
				INFOPLIST_FILE = "rs.ios.stage-task7/Info.plist";
				IPHONEOS_DEPLOYMENT_TARGET = 12.1;
				LD_RUNPATH_SEARCH_PATHS = (
					"$(inherited)",
					"@executable_path/Frameworks",
				);
				PRODUCT_BUNDLE_IDENTIFIER = "com.learn.rs-ios-stage-task7";
				PRODUCT_NAME = "$(TARGET_NAME)";
				TARGETED_DEVICE_FAMILY = 1;
			};
			name = Debug;
		};
		666D0C92269243660012DD09 /* Release */ = {
			isa = XCBuildConfiguration;
			buildSettings = {
				ASSETCATALOG_COMPILER_APPICON_NAME = AppIcon;
				ASSETCATALOG_COMPILER_GLOBAL_ACCENT_COLOR_NAME = AccentColor;
				CODE_SIGN_STYLE = Automatic;
				DEVELOPMENT_TEAM = 5A66N432X8;
				INFOPLIST_FILE = "rs.ios.stage-task7/Info.plist";
				IPHONEOS_DEPLOYMENT_TARGET = 12.1;
				LD_RUNPATH_SEARCH_PATHS = (
					"$(inherited)",
					"@executable_path/Frameworks",
				);
				PRODUCT_BUNDLE_IDENTIFIER = "com.learn.rs-ios-stage-task7";
				PRODUCT_NAME = "$(TARGET_NAME)";
				TARGETED_DEVICE_FAMILY = 1;
			};
			name = Release;
		};
/* End XCBuildConfiguration section */

/* Begin XCConfigurationList section */
		666D0C72269243650012DD09 /* Build configuration list for PBXProject "rs.ios.stage-task7" */ = {
			isa = XCConfigurationList;
			buildConfigurations = (
				666D0C8E269243660012DD09 /* Debug */,
				666D0C8F269243660012DD09 /* Release */,
			);
			defaultConfigurationIsVisible = 0;
			defaultConfigurationName = Release;
		};
		666D0C90269243660012DD09 /* Build configuration list for PBXNativeTarget "rs.ios.stage-task7" */ = {
			isa = XCConfigurationList;
			buildConfigurations = (
				666D0C91269243660012DD09 /* Debug */,
				666D0C92269243660012DD09 /* Release */,
			);
			defaultConfigurationIsVisible = 0;
			defaultConfigurationName = Release;
		};
/* End XCConfigurationList section */
	};
	rootObject = 666D0C6F269243650012DD09 /* Project object */;
}
